
Microsoft Visual Studio Solution File, Format Version 12.00
# Visual Studio Version 16
VisualStudioVersion = 16.0.30225.117
MinimumVisualStudioVersion = 10.0.40219.1
Project("{FAE04EC0-301F-11D3-BF4B-00C04F79EFBC}") = "WindowsFormsApp4", "WindowsFormsApp4.csproj", "{1AE518BF-5472-4865-AA07-888722E59881}"
EndProject
Global
	GlobalSection(SolutionConfigurationPlatforms) = preSolution
		Debug|Any CPU = Debug|Any CPU
		Release|Any CPU = Release|Any CPU
	EndGlobalSection
	GlobalSection(ProjectConfigurationPlatforms) = postSolution
		{1AE518BF-5472-4865-AA07-888722E59881}.Debug|Any CPU.ActiveCfg = Debug|Any CPU
		{1AE518BF-5472-4865-AA07-888722E59881}.Debug|Any CPU.Build.0 = Debug|Any CPU
		{1AE518BF-5472-4865-AA07-888722E59881}.Release|Any CPU.ActiveCfg = Release|Any CPU
		{1AE518BF-5472-4865-AA07-888722E59881}.Release|Any CPU.Build.0 = Release|Any CPU
	EndGlobalSection
	GlobalSection(SolutionProperties) = preSolution
		HideSolutionNode = FALSE
	EndGlobalSection
	GlobalSection(ExtensibilityGlobals) = postSolution
		SolutionGuid = {889B0AB0-0530-451C-BAB7-23DCA71CEDE4}
	EndGlobalSection
EndGlobal
